// !$*UTF8*$!
{
	archiveVersion = 1;
	classes = {
	};
	objectVersion = 50;
	objects = {

/* Begin PBXBuildFile section */
		560FF0B426FFBBAB0003C6A5 /* Image+Extensions.swift in Sources */ = {isa = PBXBuildFile; fileRef = 560FF0B326FFBBAB0003C6A5 /* Image+Extensions.swift */; };
		566E6CF92709E7DE00FEB059 /* Home Work MVP - TableView-ImageCollection.xcdatamodeld in Sources */ = {isa = PBXBuildFile; fileRef = 566E6CF72709E7DE00FEB059 /* Home Work MVP - TableView-ImageCollection.xcdatamodeld */; };
		566E6D012709E8FE00FEB059 /* ArrayData.swift in Sources */ = {isa = PBXBuildFile; fileRef = 566E6CFF2709E8FE00FEB059 /* ArrayData.swift */; };
		566E6D042709EAD500FEB059 /* CoreDataService.swift in Sources */ = {isa = PBXBuildFile; fileRef = 566E6D032709EAD500FEB059 /* CoreDataService.swift */; };
		5670E06426FC8205004E014F /* AppDelegate.swift in Sources */ = {isa = PBXBuildFile; fileRef = 5670E06326FC8205004E014F /* AppDelegate.swift */; };
		5670E06626FC8205004E014F /* SceneDelegate.swift in Sources */ = {isa = PBXBuildFile; fileRef = 5670E06526FC8205004E014F /* SceneDelegate.swift */; };
		5670E06D26FC8206004E014F /* Assets.xcassets in Resources */ = {isa = PBXBuildFile; fileRef = 5670E06C26FC8206004E014F /* Assets.xcassets */; };
		5670E07B26FC8234004E014F /* Main.storyboard in Resources */ = {isa = PBXBuildFile; fileRef = 5670E07826FC8234004E014F /* Main.storyboard */; };
		5670E08026FC83C9004E014F /* View+Extensions.swift in Sources */ = {isa = PBXBuildFile; fileRef = 5670E07F26FC83C9004E014F /* View+Extensions.swift */; };
		567E34DA26FDD9BB0039A270 /* StartScreenPresenter.swift in Sources */ = {isa = PBXBuildFile; fileRef = 567E34D726FDD9BB0039A270 /* StartScreenPresenter.swift */; };
		567E34DB26FDD9BB0039A270 /* StartScreenViewController.swift in Sources */ = {isa = PBXBuildFile; fileRef = 567E34D826FDD9BB0039A270 /* StartScreenViewController.swift */; };
		567E34E026FDDA0D0039A270 /* MainScreen.storyboard in Resources */ = {isa = PBXBuildFile; fileRef = 567E34DD26FDDA0D0039A270 /* MainScreen.storyboard */; };
		567E34E126FDDA0D0039A270 /* MainScreenPresenter.swift in Sources */ = {isa = PBXBuildFile; fileRef = 567E34DE26FDDA0D0039A270 /* MainScreenPresenter.swift */; };
		567E34E226FDDA0D0039A270 /* MainScreenViewController.swift in Sources */ = {isa = PBXBuildFile; fileRef = 567E34DF26FDDA0D0039A270 /* MainScreenViewController.swift */; };
		567E34E526FDDE8F0039A270 /* TableViewCell.xib in Resources */ = {isa = PBXBuildFile; fileRef = 567E34E426FDDE8F0039A270 /* TableViewCell.xib */; };
		567E34E726FDDEB00039A270 /* TableViewCell.swift in Sources */ = {isa = PBXBuildFile; fileRef = 567E34E626FDDEB00039A270 /* TableViewCell.swift */; };
/* End PBXBuildFile section */

/* Begin PBXFileReference section */
		560FF0B326FFBBAB0003C6A5 /* Image+Extensions.swift */ = {isa = PBXFileReference; lastKnownFileType = sourcecode.swift; path = "Image+Extensions.swift"; sourceTree = "<group>"; };
		566E6CF82709E7DE00FEB059 /* Home Work MVP - TableView-ImageCollection.xcdatamodel */ = {isa = PBXFileReference; lastKnownFileType = wrapper.xcdatamodel; path = "Home Work MVP - TableView-ImageCollection.xcdatamodel"; sourceTree = "<group>"; };
		566E6CFF2709E8FE00FEB059 /* ArrayData.swift */ = {isa = PBXFileReference; fileEncoding = 4; lastKnownFileType = sourcecode.swift; name = ArrayData.swift; path = "Home Work MVP - TableView-ImageCollection/ArrayData.swift"; sourceTree = SOURCE_ROOT; };
		566E6D032709EAD500FEB059 /* CoreDataService.swift */ = {isa = PBXFileReference; fileEncoding = 4; lastKnownFileType = sourcecode.swift; path = CoreDataService.swift; sourceTree = "<group>"; };
		5670E06026FC8205004E014F /* Home Work MVP - TableView-ImageCollection.app */ = {isa = PBXFileReference; explicitFileType = wrapper.application; includeInIndex = 0; path = "Home Work MVP - TableView-ImageCollection.app"; sourceTree = BUILT_PRODUCTS_DIR; };
		5670E06326FC8205004E014F /* AppDelegate.swift */ = {isa = PBXFileReference; lastKnownFileType = sourcecode.swift; path = AppDelegate.swift; sourceTree = "<group>"; };
		5670E06526FC8205004E014F /* SceneDelegate.swift */ = {isa = PBXFileReference; lastKnownFileType = sourcecode.swift; path = SceneDelegate.swift; sourceTree = "<group>"; };
		5670E06C26FC8206004E014F /* Assets.xcassets */ = {isa = PBXFileReference; lastKnownFileType = folder.assetcatalog; path = Assets.xcassets; sourceTree = "<group>"; };
		5670E07126FC8206004E014F /* Info.plist */ = {isa = PBXFileReference; lastKnownFileType = text.plist.xml; path = Info.plist; sourceTree = "<group>"; };
		5670E07826FC8234004E014F /* Main.storyboard */ = {isa = PBXFileReference; lastKnownFileType = file.storyboard; path = Main.storyboard; sourceTree = "<group>"; };
		5670E07F26FC83C9004E014F /* View+Extensions.swift */ = {isa = PBXFileReference; lastKnownFileType = sourcecode.swift; path = "View+Extensions.swift"; sourceTree = "<group>"; };
		567E34D726FDD9BB0039A270 /* StartScreenPresenter.swift */ = {isa = PBXFileReference; lastKnownFileType = sourcecode.swift; name = StartScreenPresenter.swift; path = "Home Work MVP - TableView-ImageCollection/Extensions/StartScreenPresenter.swift"; sourceTree = SOURCE_ROOT; };
		567E34D826FDD9BB0039A270 /* StartScreenViewController.swift */ = {isa = PBXFileReference; lastKnownFileType = sourcecode.swift; name = StartScreenViewController.swift; path = "Home Work MVP - TableView-ImageCollection/Extensions/StartScreenViewController.swift"; sourceTree = SOURCE_ROOT; };
		567E34DD26FDDA0D0039A270 /* MainScreen.storyboard */ = {isa = PBXFileReference; lastKnownFileType = file.storyboard; path = MainScreen.storyboard; sourceTree = "<group>"; };
		567E34DE26FDDA0D0039A270 /* MainScreenPresenter.swift */ = {isa = PBXFileReference; lastKnownFileType = sourcecode.swift; path = MainScreenPresenter.swift; sourceTree = "<group>"; };
		567E34DF26FDDA0D0039A270 /* MainScreenViewController.swift */ = {isa = PBXFileReference; lastKnownFileType = sourcecode.swift; path = MainScreenViewController.swift; sourceTree = "<group>"; };
		567E34E426FDDE8F0039A270 /* TableViewCell.xib */ = {isa = PBXFileReference; lastKnownFileType = file.xib; path = TableViewCell.xib; sourceTree = "<group>"; };
		567E34E626FDDEB00039A270 /* TableViewCell.swift */ = {isa = PBXFileReference; lastKnownFileType = sourcecode.swift; path = TableViewCell.swift; sourceTree = "<group>"; };
/* End PBXFileReference section */

/* Begin PBXFrameworksBuildPhase section */
		5670E05D26FC8205004E014F /* Frameworks */ = {
			isa = PBXFrameworksBuildPhase;
			buildActionMask = 2147483647;
			files = (
			);
			runOnlyForDeploymentPostprocessing = 0;
		};
/* End PBXFrameworksBuildPhase section */

/* Begin PBXGroup section */
		566E6CFE2709E8E800FEB059 /* Models */ = {
			isa = PBXGroup;
			children = (
				566E6CFF2709E8FE00FEB059 /* ArrayData.swift */,
			);
			path = Models;
			sourceTree = "<group>";
		};
		566E6D052709EB1000FEB059 /* Service */ = {
			isa = PBXGroup;
			children = (
				566E6D032709EAD500FEB059 /* CoreDataService.swift */,
			);
			path = Service;
			sourceTree = "<group>";
		};
		5670E05726FC8205004E014F = {
			isa = PBXGroup;
			children = (
				5670E06226FC8205004E014F /* Home Work MVP - TableView-ImageCollection */,
				5670E06126FC8205004E014F /* Products */,
			);
			sourceTree = "<group>";
		};
		5670E06126FC8205004E014F /* Products */ = {
			isa = PBXGroup;
			children = (
				5670E06026FC8205004E014F /* Home Work MVP - TableView-ImageCollection.app */,
			);
			name = Products;
			sourceTree = "<group>";
		};
		5670E06226FC8205004E014F /* Home Work MVP - TableView-ImageCollection */ = {
			isa = PBXGroup;
			children = (
				5670E06326FC8205004E014F /* AppDelegate.swift */,
				566E6D052709EB1000FEB059 /* Service */,
				5670E06526FC8205004E014F /* SceneDelegate.swift */,
				566E6CFE2709E8E800FEB059 /* Models */,
				567E34E326FDDE790039A270 /* Views */,
				5670E07E26FC83B4004E014F /* Extensions */,
				567E34D526FDD8D40039A270 /* StartScreen */,
				567E34DC26FDD9F40039A270 /* MainScreen */,
				5670E06C26FC8206004E014F /* Assets.xcassets */,
				5670E07126FC8206004E014F /* Info.plist */,
				566E6CF72709E7DE00FEB059 /* Home Work MVP - TableView-ImageCollection.xcdatamodeld */,
			);
			path = "Home Work MVP - TableView-ImageCollection";
			sourceTree = "<group>";
		};
		5670E07E26FC83B4004E014F /* Extensions */ = {
			isa = PBXGroup;
			children = (
				5670E07F26FC83C9004E014F /* View+Extensions.swift */,
				560FF0B326FFBBAB0003C6A5 /* Image+Extensions.swift */,
			);
			path = Extensions;
			sourceTree = "<group>";
		};
		567E34D526FDD8D40039A270 /* StartScreen */ = {
			isa = PBXGroup;
			children = (
				5670E07826FC8234004E014F /* Main.storyboard */,
				567E34D726FDD9BB0039A270 /* StartScreenPresenter.swift */,
				567E34D826FDD9BB0039A270 /* StartScreenViewController.swift */,
			);
			name = StartScreen;
			path = Main;
			sourceTree = "<group>";
		};
		567E34DC26FDD9F40039A270 /* MainScreen */ = {
			isa = PBXGroup;
			children = (
				567E34DD26FDDA0D0039A270 /* MainScreen.storyboard */,
				567E34DE26FDDA0D0039A270 /* MainScreenPresenter.swift */,
				567E34DF26FDDA0D0039A270 /* MainScreenViewController.swift */,
			);
			path = MainScreen;
			sourceTree = "<group>";
		};
		567E34E326FDDE790039A270 /* Views */ = {
			isa = PBXGroup;
			children = (
				567E34E426FDDE8F0039A270 /* TableViewCell.xib */,
				567E34E626FDDEB00039A270 /* TableViewCell.swift */,
			);
			path = Views;
			sourceTree = "<group>";
		};
/* End PBXGroup section */

/* Begin PBXNativeTarget section */
		5670E05F26FC8205004E014F /* Home Work MVP - TableView-ImageCollection */ = {
			isa = PBXNativeTarget;
			buildConfigurationList = 5670E07426FC8206004E014F /* Build configuration list for PBXNativeTarget "Home Work MVP - TableView-ImageCollection" */;
			buildPhases = (
				5670E05C26FC8205004E014F /* Sources */,
				5670E05D26FC8205004E014F /* Frameworks */,
				5670E05E26FC8205004E014F /* Resources */,
			);
			buildRules = (
			);
			dependencies = (
			);
			name = "Home Work MVP - TableView-ImageCollection";
			productName = "Home Work MVP - TableView-ImageCollection";
			productReference = 5670E06026FC8205004E014F /* Home Work MVP - TableView-ImageCollection.app */;
			productType = "com.apple.product-type.application";
		};
/* End PBXNativeTarget section */

/* Begin PBXProject section */
		5670E05826FC8205004E014F /* Project object */ = {
			isa = PBXProject;
			attributes = {
				LastSwiftUpdateCheck = 1250;
				LastUpgradeCheck = 1250;
				TargetAttributes = {
					5670E05F26FC8205004E014F = {
						CreatedOnToolsVersion = 12.5.1;
					};
				};
			};
			buildConfigurationList = 5670E05B26FC8205004E014F /* Build configuration list for PBXProject "Home Work MVP - TableView-ImageCollection" */;
			compatibilityVersion = "Xcode 9.3";
			developmentRegion = en;
			hasScannedForEncodings = 0;
			knownRegions = (
				en,
				Base,
			);
			mainGroup = 5670E05726FC8205004E014F;
			productRefGroup = 5670E06126FC8205004E014F /* Products */;
			projectDirPath = "";
			projectRoot = "";
			targets = (
				5670E05F26FC8205004E014F /* Home Work MVP - TableView-ImageCollection */,
			);
		};
/* End PBXProject section */

/* Begin PBXResourcesBuildPhase section */
		5670E05E26FC8205004E014F /* Resources */ = {
			isa = PBXResourcesBuildPhase;
			buildActionMask = 2147483647;
			files = (
				567E34E526FDDE8F0039A270 /* TableViewCell.xib in Resources */,
				5670E07B26FC8234004E014F /* Main.storyboard in Resources */,
				567E34E026FDDA0D0039A270 /* MainScreen.storyboard in Resources */,
				5670E06D26FC8206004E014F /* Assets.xcassets in Resources */,
			);
			runOnlyForDeploymentPostprocessing = 0;
		};
/* End PBXResourcesBuildPhase section */

/* Begin PBXSourcesBuildPhase section */
		5670E05C26FC8205004E014F /* Sources */ = {
			isa = PBXSourcesBuildPhase;
			buildActionMask = 2147483647;
			files = (
				560FF0B426FFBBAB0003C6A5 /* Image+Extensions.swift in Sources */,
				5670E06426FC8205004E014F /* AppDelegate.swift in Sources */,
				567E34E726FDDEB00039A270 /* TableViewCell.swift in Sources */,
				566E6CF92709E7DE00FEB059 /* Home Work MVP - TableView-ImageCollection.xcdatamodeld in Sources */,
				566E6D042709EAD500FEB059 /* CoreDataService.swift in Sources */,
				5670E06626FC8205004E014F /* SceneDelegate.swift in Sources */,
				567E34E226FDDA0D0039A270 /* MainScreenViewController.swift in Sources */,
				566E6D012709E8FE00FEB059 /* ArrayData.swift in Sources */,
				5670E08026FC83C9004E014F /* View+Extensions.swift in Sources */,
				567E34DA26FDD9BB0039A270 /* StartScreenPresenter.swift in Sources */,
				567E34DB26FDD9BB0039A270 /* StartScreenViewController.swift in Sources */,
				567E34E126FDDA0D0039A270 /* MainScreenPresenter.swift in Sources */,
			);
			runOnlyForDeploymentPostprocessing = 0;
		};
/* End PBXSourcesBuildPhase section */

/* Begin XCBuildConfiguration section */
		5670E07226FC8206004E014F /* Debug */ = {
			isa = XCBuildConfiguration;
			buildSettings = {
				ALWAYS_SEARCH_USER_PATHS = NO;
				CLANG_ANALYZER_NONNULL = YES;
				CLANG_ANALYZER_NUMBER_OBJECT_CONVERSION = YES_AGGRESSIVE;
				CLANG_CXX_LANGUAGE_STANDARD = "gnu++14";
				CLANG_CXX_LIBRARY = "libc++";
				CLANG_ENABLE_MODULES = YES;
				CLANG_ENABLE_OBJC_ARC = YES;
				CLANG_ENABLE_OBJC_WEAK = YES;
				CLANG_WARN_BLOCK_CAPTURE_AUTORELEASING = YES;
				CLANG_WARN_BOOL_CONVERSION = YES;
				CLANG_WARN_COMMA = YES;
				CLANG_WARN_CONSTANT_CONVERSION = YES;
				CLANG_WARN_DEPRECATED_OBJC_IMPLEMENTATIONS = YES;
				CLANG_WARN_DIRECT_OBJC_ISA_USAGE = YES_ERROR;
				CLANG_WARN_DOCUMENTATION_COMMENTS = YES;
				CLANG_WARN_EMPTY_BODY = YES;
				CLANG_WARN_ENUM_CONVERSION = YES;
				CLANG_WARN_INFINITE_RECURSION = YES;
				CLANG_WARN_INT_CONVERSION = YES;
				CLANG_WARN_NON_LITERAL_NULL_CONVERSION = YES;
				CLANG_WARN_OBJC_IMPLICIT_RETAIN_SELF = YES;
				CLANG_WARN_OBJC_LITERAL_CONVERSION = YES;
				CLANG_WARN_OBJC_ROOT_CLASS = YES_ERROR;
				CLANG_WARN_QUOTED_INCLUDE_IN_FRAMEWORK_HEADER = YES;
				CLANG_WARN_RANGE_LOOP_ANALYSIS = YES;
				CLANG_WARN_STRICT_PROTOTYPES = YES;
				CLANG_WARN_SUSPICIOUS_MOVE = YES;
				CLANG_WARN_UNGUARDED_AVAILABILITY = YES_AGGRESSIVE;
				CLANG_WARN_UNREACHABLE_CODE = YES;
				CLANG_WARN__DUPLICATE_METHOD_MATCH = YES;
				COPY_PHASE_STRIP = NO;
				DEBUG_INFORMATION_FORMAT = dwarf;
				ENABLE_STRICT_OBJC_MSGSEND = YES;
				ENABLE_TESTABILITY = YES;
				GCC_C_LANGUAGE_STANDARD = gnu11;
				GCC_DYNAMIC_NO_PIC = NO;
				GCC_NO_COMMON_BLOCKS = YES;
				GCC_OPTIMIZATION_LEVEL = 0;
				GCC_PREPROCESSOR_DEFINITIONS = (
					"DEBUG=1",
					"$(inherited)",
				);
				GCC_WARN_64_TO_32_BIT_CONVERSION = YES;
				GCC_WARN_ABOUT_RETURN_TYPE = YES_ERROR;
				GCC_WARN_UNDECLARED_SELECTOR = YES;
				GCC_WARN_UNINITIALIZED_AUTOS = YES_AGGRESSIVE;
				GCC_WARN_UNUSED_FUNCTION = YES;
				GCC_WARN_UNUSED_VARIABLE = YES;
				IPHONEOS_DEPLOYMENT_TARGET = 14.5;
				MTL_ENABLE_DEBUG_INFO = INCLUDE_SOURCE;
				MTL_FAST_MATH = YES;
				ONLY_ACTIVE_ARCH = YES;
				SDKROOT = iphoneos;
				SWIFT_ACTIVE_COMPILATION_CONDITIONS = DEBUG;
				SWIFT_OPTIMIZATION_LEVEL = "-Onone";
			};
			name = Debug;
		};
		5670E07326FC8206004E014F /* Release */ = {
			isa = XCBuildConfiguration;
			buildSettings = {
				ALWAYS_SEARCH_USER_PATHS = NO;
				CLANG_ANALYZER_NONNULL = YES;
				CLANG_ANALYZER_NUMBER_OBJECT_CONVERSION = YES_AGGRESSIVE;
				CLANG_CXX_LANGUAGE_STANDARD = "gnu++14";
				CLANG_CXX_LIBRARY = "libc++";
				CLANG_ENABLE_MODULES = YES;
				CLANG_ENABLE_OBJC_ARC = YES;
				CLANG_ENABLE_OBJC_WEAK = YES;
				CLANG_WARN_BLOCK_CAPTURE_AUTORELEASING = YES;
				CLANG_WARN_BOOL_CONVERSION = YES;
				CLANG_WARN_COMMA = YES;
				CLANG_WARN_CONSTANT_CONVERSION = YES;
				CLANG_WARN_DEPRECATED_OBJC_IMPLEMENTATIONS = YES;
				CLANG_WARN_DIRECT_OBJC_ISA_USAGE = YES_ERROR;
				CLANG_WARN_DOCUMENTATION_COMMENTS = YES;
				CLANG_WARN_EMPTY_BODY = YES;
				CLANG_WARN_ENUM_CONVERSION = YES;
				CLANG_WARN_INFINITE_RECURSION = YES;
				CLANG_WARN_INT_CONVERSION = YES;
				CLANG_WARN_NON_LITERAL_NULL_CONVERSION = YES;
				CLANG_WARN_OBJC_IMPLICIT_RETAIN_SELF = YES;
				CLANG_WARN_OBJC_LITERAL_CONVERSION = YES;
				CLANG_WARN_OBJC_ROOT_CLASS = YES_ERROR;
				CLANG_WARN_QUOTED_INCLUDE_IN_FRAMEWORK_HEADER = YES;
				CLANG_WARN_RANGE_LOOP_ANALYSIS = YES;
				CLANG_WARN_STRICT_PROTOTYPES = YES;
				CLANG_WARN_SUSPICIOUS_MOVE = YES;
				CLANG_WARN_UNGUARDED_AVAILABILITY = YES_AGGRESSIVE;
				CLANG_WARN_UNREACHABLE_CODE = YES;
				CLANG_WARN__DUPLICATE_METHOD_MATCH = YES;
				COPY_PHASE_STRIP = NO;
				DEBUG_INFORMATION_FORMAT = "dwarf-with-dsym";
				ENABLE_NS_ASSERTIONS = NO;
				ENABLE_STRICT_OBJC_MSGSEND = YES;
				GCC_C_LANGUAGE_STANDARD = gnu11;
				GCC_NO_COMMON_BLOCKS = YES;
				GCC_WARN_64_TO_32_BIT_CONVERSION = YES;
				GCC_WARN_ABOUT_RETURN_TYPE = YES_ERROR;
				GCC_WARN_UNDECLARED_SELECTOR = YES;
				GCC_WARN_UNINITIALIZED_AUTOS = YES_AGGRESSIVE;
				GCC_WARN_UNUSED_FUNCTION = YES;
				GCC_WARN_UNUSED_VARIABLE = YES;
				IPHONEOS_DEPLOYMENT_TARGET = 14.5;
				MTL_ENABLE_DEBUG_INFO = NO;
				MTL_FAST_MATH = YES;
				SDKROOT = iphoneos;
				SWIFT_COMPILATION_MODE = wholemodule;
				SWIFT_OPTIMIZATION_LEVEL = "-O";
				VALIDATE_PRODUCT = YES;
			};
			name = Release;
		};
		5670E07526FC8206004E014F /* Debug */ = {
			isa = XCBuildConfiguration;
			buildSettings = {
				ASSETCATALOG_COMPILER_APPICON_NAME = AppIcon;
				ASSETCATALOG_COMPILER_GLOBAL_ACCENT_COLOR_NAME = AccentColor;
				CODE_SIGN_STYLE = Automatic;
				INFOPLIST_FILE = "Home Work MVP - TableView-ImageCollection/Info.plist";
				LD_RUNPATH_SEARCH_PATHS = (
					"$(inherited)",
					"@executable_path/Frameworks",
				);
				PRODUCT_BUNDLE_IDENTIFIER = "none.Home-Work-MVP---TableView-ImageCollection";
				PRODUCT_NAME = "$(TARGET_NAME)";
				SWIFT_VERSION = 5.0;
				TARGETED_DEVICE_FAMILY = "1,2";
			};
			name = Debug;
		};
		5670E07626FC8206004E014F /* Release */ = {
			isa = XCBuildConfiguration;
			buildSettings = {
				ASSETCATALOG_COMPILER_APPICON_NAME = AppIcon;
				ASSETCATALOG_COMPILER_GLOBAL_ACCENT_COLOR_NAME = AccentColor;
				CODE_SIGN_STYLE = Automatic;
				INFOPLIST_FILE = "Home Work MVP - TableView-ImageCollection/Info.plist";
				LD_RUNPATH_SEARCH_PATHS = (
					"$(inherited)",
					"@executable_path/Frameworks",
				);
				PRODUCT_BUNDLE_IDENTIFIER = "none.Home-Work-MVP---TableView-ImageCollection";
				PRODUCT_NAME = "$(TARGET_NAME)";
				SWIFT_VERSION = 5.0;
				TARGETED_DEVICE_FAMILY = "1,2";
			};
			name = Release;
		};
/* End XCBuildConfiguration section */

/* Begin XCConfigurationList section */
		5670E05B26FC8205004E014F /* Build configuration list for PBXProject "Home Work MVP - TableView-ImageCollection" */ = {
			isa = XCConfigurationList;
			buildConfigurations = (
				5670E07226FC8206004E014F /* Debug */,
				5670E07326FC8206004E014F /* Release */,
			);
			defaultConfigurationIsVisible = 0;
			defaultConfigurationName = Release;
		};
		5670E07426FC8206004E014F /* Build configuration list for PBXNativeTarget "Home Work MVP - TableView-ImageCollection" */ = {
			isa = XCConfigurationList;
			buildConfigurations = (
				5670E07526FC8206004E014F /* Debug */,
				5670E07626FC8206004E014F /* Release */,
			);
			defaultConfigurationIsVisible = 0;
			defaultConfigurationName = Release;
		};
/* End XCConfigurationList section */

/* Begin XCVersionGroup section */
		566E6CF72709E7DE00FEB059 /* Home Work MVP - TableView-ImageCollection.xcdatamodeld */ = {
			isa = XCVersionGroup;
			children = (
				566E6CF82709E7DE00FEB059 /* Home Work MVP - TableView-ImageCollection.xcdatamodel */,
			);
			currentVersion = 566E6CF82709E7DE00FEB059 /* Home Work MVP - TableView-ImageCollection.xcdatamodel */;
			path = "Home Work MVP - TableView-ImageCollection.xcdatamodeld";
			sourceTree = "<group>";
			versionGroupType = wrapper.xcdatamodel;
		};
/* End XCVersionGroup section */
	};
	rootObject = 5670E05826FC8205004E014F /* Project object */;
}
